
Microsoft Visual Studio Solution File, Format Version 12.00
# Visual Studio 15
VisualStudioVersion = 15.0.35213.121
MinimumVisualStudioVersion = 10.0.40219.1
Project("{FAE04EC0-301F-11D3-BF4B-00C04F79EFBC}") = "Tic Tac Toe Oyunu", "Tic Tac Toe Oyunu\Tic Tac Toe Oyunu.csproj", "{B892E6F1-6509-4D55-98AD-0D637F10751B}"
EndProject
Global
	GlobalSection(SolutionConfigurationPlatforms) = preSolution
		Debug|Any CPU = Debug|Any CPU
		Release|Any CPU = Release|Any CPU
	EndGlobalSection
	GlobalSection(ProjectConfigurationPlatforms) = postSolution
		{B892E6F1-6509-4D55-98AD-0D637F10751B}.Debug|Any CPU.ActiveCfg = Debug|Any CPU
		{B892E6F1-6509-4D55-98AD-0D637F10751B}.Debug|Any CPU.Build.0 = Debug|Any CPU
		{B892E6F1-6509-4D55-98AD-0D637F10751B}.Release|Any CPU.ActiveCfg = Release|Any CPU
		{B892E6F1-6509-4D55-98AD-0D637F10751B}.Release|Any CPU.Build.0 = Release|Any CPU
	EndGlobalSection
	GlobalSection(SolutionProperties) = preSolution
		HideSolutionNode = FALSE
	EndGlobalSection
	GlobalSection(ExtensibilityGlobals) = postSolution
		SolutionGuid = {B372E361-4058-4426-9DF5-C030A1675EEA}
	EndGlobalSection
EndGlobal
